
Microsoft Visual Studio Solution File, Format Version 12.00
# Visual Studio Version 17
VisualStudioVersion = 17.10.35004.147
MinimumVisualStudioVersion = 10.0.40219.1
Project("{9A19103F-16F7-4668-BE54-9A1E7A4F7556}") = "QuotesCreator_BackendAPI", "Quotes Creator\QuotesCreator_BackendAPI.csproj", "{60F0DC7D-87B7-4D90-A16B-D1465CC2918B}"
EndProject
Project("{9A19103F-16F7-4668-BE54-9A1E7A4F7556}") = "QuotesCreator_Frontend", "QuotesCreator-Frontend\QuotesCreator_Frontend.csproj", "{E43B82B7-EF7E-4A6B-A65B-D35A35B35695}"
EndProject
Project("{9A19103F-16F7-4668-BE54-9A1E7A4F7556}") = "QuotesCreator.AL", "QuotesCreator.AL\QuotesCreator.AL.csproj", "{FB67DD72-F494-486E-B1FD-34E7302A77F6}"
EndProject
Project("{9A19103F-16F7-4668-BE54-9A1E7A4F7556}") = "QuotesCreator.IL", "QuotesCreator.IL\QuotesCreator.IL.csproj", "{F7A0B2DC-2D8C-4F17-87D3-9076A2D88DB9}"
EndProject
Project("{9A19103F-16F7-4668-BE54-9A1E7A4F7556}") = "QuotesCreator.DL", "QuotesCreator.DL\QuotesCreator.DL.csproj", "{B455A744-EACF-455D-84AC-FC6156217960}"
EndProject
Project("{2150E333-8FDC-42A3-9474-1A3956D46DE8}") = "Solution Items", "Solution Items", "{403CEEC8-4A77-4F14-B28C-A13AAE274FB5}"
	ProjectSection(SolutionItems) = preProject
		.editorconfig = .editorconfig
	EndProjectSection
EndProject
Global
	GlobalSection(SolutionConfigurationPlatforms) = preSolution
		Debug|Any CPU = Debug|Any CPU
		Release|Any CPU = Release|Any CPU
	EndGlobalSection
	GlobalSection(ProjectConfigurationPlatforms) = postSolution
		{60F0DC7D-87B7-4D90-A16B-D1465CC2918B}.Debug|Any CPU.ActiveCfg = Debug|Any CPU
		{60F0DC7D-87B7-4D90-A16B-D1465CC2918B}.Debug|Any CPU.Build.0 = Debug|Any CPU
		{60F0DC7D-87B7-4D90-A16B-D1465CC2918B}.Release|Any CPU.ActiveCfg = Release|Any CPU
		{60F0DC7D-87B7-4D90-A16B-D1465CC2918B}.Release|Any CPU.Build.0 = Release|Any CPU
		{E43B82B7-EF7E-4A6B-A65B-D35A35B35695}.Debug|Any CPU.ActiveCfg = Debug|Any CPU
		{E43B82B7-EF7E-4A6B-A65B-D35A35B35695}.Debug|Any CPU.Build.0 = Debug|Any CPU
		{E43B82B7-EF7E-4A6B-A65B-D35A35B35695}.Release|Any CPU.ActiveCfg = Release|Any CPU
		{E43B82B7-EF7E-4A6B-A65B-D35A35B35695}.Release|Any CPU.Build.0 = Release|Any CPU
		{FB67DD72-F494-486E-B1FD-34E7302A77F6}.Debug|Any CPU.ActiveCfg = Debug|Any CPU
		{FB67DD72-F494-486E-B1FD-34E7302A77F6}.Debug|Any CPU.Build.0 = Debug|Any CPU
		{FB67DD72-F494-486E-B1FD-34E7302A77F6}.Release|Any CPU.ActiveCfg = Release|Any CPU
		{FB67DD72-F494-486E-B1FD-34E7302A77F6}.Release|Any CPU.Build.0 = Release|Any CPU
		{F7A0B2DC-2D8C-4F17-87D3-9076A2D88DB9}.Debug|Any CPU.ActiveCfg = Debug|Any CPU
		{F7A0B2DC-2D8C-4F17-87D3-9076A2D88DB9}.Debug|Any CPU.Build.0 = Debug|Any CPU
		{F7A0B2DC-2D8C-4F17-87D3-9076A2D88DB9}.Release|Any CPU.ActiveCfg = Release|Any CPU
		{F7A0B2DC-2D8C-4F17-87D3-9076A2D88DB9}.Release|Any CPU.Build.0 = Release|Any CPU
		{B455A744-EACF-455D-84AC-FC6156217960}.Debug|Any CPU.ActiveCfg = Debug|Any CPU
		{B455A744-EACF-455D-84AC-FC6156217960}.Debug|Any CPU.Build.0 = Debug|Any CPU
		{B455A744-EACF-455D-84AC-FC6156217960}.Release|Any CPU.ActiveCfg = Release|Any CPU
		{B455A744-EACF-455D-84AC-FC6156217960}.Release|Any CPU.Build.0 = Release|Any CPU
	EndGlobalSection
	GlobalSection(SolutionProperties) = preSolution
		HideSolutionNode = FALSE
	EndGlobalSection
	GlobalSection(ExtensibilityGlobals) = postSolution
		SolutionGuid = {1312A24B-8AB7-4940-8FA3-387254A5766A}
	EndGlobalSection
EndGlobal
